// !$*UTF8*$!
{
	archiveVersion = 1;
	classes = {
	};
	objectVersion = 56;
	objects = {

/* Begin PBXBuildFile section */
		4F1DAD0E291808D400F9AB34 /* ScrumdingerApp.swift in Sources */ = {isa = PBXBuildFile; fileRef = 4F1DAD0D291808D400F9AB34 /* ScrumdingerApp.swift */; };
		4F1DAD10291808D400F9AB34 /* MeetingView.swift in Sources */ = {isa = PBXBuildFile; fileRef = 4F1DAD0F291808D400F9AB34 /* MeetingView.swift */; };
		4F1DAD12291808D600F9AB34 /* Assets.xcassets in Resources */ = {isa = PBXBuildFile; fileRef = 4F1DAD11291808D600F9AB34 /* Assets.xcassets */; };
		4F1DAD15291808D600F9AB34 /* Preview Assets.xcassets in Resources */ = {isa = PBXBuildFile; fileRef = 4F1DAD14291808D600F9AB34 /* Preview Assets.xcassets */; };
		4F1DAD1F291808D600F9AB34 /* ScrumdingerTests.swift in Sources */ = {isa = PBXBuildFile; fileRef = 4F1DAD1E291808D600F9AB34 /* ScrumdingerTests.swift */; };
		4F1DAD29291808D600F9AB34 /* ScrumdingerUITests.swift in Sources */ = {isa = PBXBuildFile; fileRef = 4F1DAD28291808D600F9AB34 /* ScrumdingerUITests.swift */; };
		4F1DAD2B291808D600F9AB34 /* ScrumdingerUITestsLaunchTests.swift in Sources */ = {isa = PBXBuildFile; fileRef = 4F1DAD2A291808D600F9AB34 /* ScrumdingerUITestsLaunchTests.swift */; };
		4F3DF3752918CD5F0076AA04 /* Theme.swift in Sources */ = {isa = PBXBuildFile; fileRef = 4F3DF3742918CD5F0076AA04 /* Theme.swift */; };
		4F4D1CC62918D578005FE2FE /* DailyScrum.swift in Sources */ = {isa = PBXBuildFile; fileRef = 4F4D1CC52918D578005FE2FE /* DailyScrum.swift */; };
		4F4D1CC82918D5FE005FE2FE /* CardView.swift in Sources */ = {isa = PBXBuildFile; fileRef = 4F4D1CC72918D5FE005FE2FE /* CardView.swift */; };
		4F4D1CCB2918DE93005FE2FE /* TrailingIconLabelStyle.swift in Sources */ = {isa = PBXBuildFile; fileRef = 4F4D1CCA2918DE93005FE2FE /* TrailingIconLabelStyle.swift */; };
		4F4D1CCD29191648005FE2FE /* ScrumsView.swift in Sources */ = {isa = PBXBuildFile; fileRef = 4F4D1CCC29191648005FE2FE /* ScrumsView.swift */; };
		4FE12B6A291A112A001FFCDA /* DetailView.swift in Sources */ = {isa = PBXBuildFile; fileRef = 4FE12B69291A112A001FFCDA /* DetailView.swift */; };
		4FE12B6C291A4A42001FFCDA /* DetailEditView.swift in Sources */ = {isa = PBXBuildFile; fileRef = 4FE12B6B291A4A42001FFCDA /* DetailEditView.swift */; };
/* End PBXBuildFile section */

/* Begin PBXContainerItemProxy section */
		4F1DAD1B291808D600F9AB34 /* PBXContainerItemProxy */ = {
			isa = PBXContainerItemProxy;
			containerPortal = 4F1DAD02291808D400F9AB34 /* Project object */;
			proxyType = 1;
			remoteGlobalIDString = 4F1DAD09291808D400F9AB34;
			remoteInfo = Scrumdinger;
		};
		4F1DAD25291808D600F9AB34 /* PBXContainerItemProxy */ = {
			isa = PBXContainerItemProxy;
			containerPortal = 4F1DAD02291808D400F9AB34 /* Project object */;
			proxyType = 1;
			remoteGlobalIDString = 4F1DAD09291808D400F9AB34;
			remoteInfo = Scrumdinger;
		};
/* End PBXContainerItemProxy section */

/* Begin PBXFileReference section */
		4F1DAD0A291808D400F9AB34 /* Scrumdinger.app */ = {isa = PBXFileReference; explicitFileType = wrapper.application; includeInIndex = 0; path = Scrumdinger.app; sourceTree = BUILT_PRODUCTS_DIR; };
		4F1DAD0D291808D400F9AB34 /* ScrumdingerApp.swift */ = {isa = PBXFileReference; lastKnownFileType = sourcecode.swift; path = ScrumdingerApp.swift; sourceTree = "<group>"; };
		4F1DAD0F291808D400F9AB34 /* MeetingView.swift */ = {isa = PBXFileReference; lastKnownFileType = sourcecode.swift; path = MeetingView.swift; sourceTree = "<group>"; };
		4F1DAD11291808D600F9AB34 /* Assets.xcassets */ = {isa = PBXFileReference; lastKnownFileType = folder.assetcatalog; path = Assets.xcassets; sourceTree = "<group>"; };
		4F1DAD14291808D600F9AB34 /* Preview Assets.xcassets */ = {isa = PBXFileReference; lastKnownFileType = folder.assetcatalog; path = "Preview Assets.xcassets"; sourceTree = "<group>"; };
		4F1DAD1A291808D600F9AB34 /* ScrumdingerTests.xctest */ = {isa = PBXFileReference; explicitFileType = wrapper.cfbundle; includeInIndex = 0; path = ScrumdingerTests.xctest; sourceTree = BUILT_PRODUCTS_DIR; };
		4F1DAD1E291808D600F9AB34 /* ScrumdingerTests.swift */ = {isa = PBXFileReference; lastKnownFileType = sourcecode.swift; path = ScrumdingerTests.swift; sourceTree = "<group>"; };
		4F1DAD24291808D600F9AB34 /* ScrumdingerUITests.xctest */ = {isa = PBXFileReference; explicitFileType = wrapper.cfbundle; includeInIndex = 0; path = ScrumdingerUITests.xctest; sourceTree = BUILT_PRODUCTS_DIR; };
		4F1DAD28291808D600F9AB34 /* ScrumdingerUITests.swift */ = {isa = PBXFileReference; lastKnownFileType = sourcecode.swift; path = ScrumdingerUITests.swift; sourceTree = "<group>"; };
		4F1DAD2A291808D600F9AB34 /* ScrumdingerUITestsLaunchTests.swift */ = {isa = PBXFileReference; lastKnownFileType = sourcecode.swift; path = ScrumdingerUITestsLaunchTests.swift; sourceTree = "<group>"; };
		4F3DF3742918CD5F0076AA04 /* Theme.swift */ = {isa = PBXFileReference; lastKnownFileType = sourcecode.swift; path = Theme.swift; sourceTree = "<group>"; };
		4F4D1CC52918D578005FE2FE /* DailyScrum.swift */ = {isa = PBXFileReference; lastKnownFileType = sourcecode.swift; path = DailyScrum.swift; sourceTree = "<group>"; };
		4F4D1CC72918D5FE005FE2FE /* CardView.swift */ = {isa = PBXFileReference; lastKnownFileType = sourcecode.swift; path = CardView.swift; sourceTree = "<group>"; };
		4F4D1CCA2918DE93005FE2FE /* TrailingIconLabelStyle.swift */ = {isa = PBXFileReference; lastKnownFileType = sourcecode.swift; path = TrailingIconLabelStyle.swift; sourceTree = "<group>"; };
		4F4D1CCC29191648005FE2FE /* ScrumsView.swift */ = {isa = PBXFileReference; lastKnownFileType = sourcecode.swift; path = ScrumsView.swift; sourceTree = "<group>"; };
		4FE12B69291A112A001FFCDA /* DetailView.swift */ = {isa = PBXFileReference; lastKnownFileType = sourcecode.swift; path = DetailView.swift; sourceTree = "<group>"; };
		4FE12B6B291A4A42001FFCDA /* DetailEditView.swift */ = {isa = PBXFileReference; lastKnownFileType = sourcecode.swift; path = DetailEditView.swift; sourceTree = "<group>"; };
/* End PBXFileReference section */

/* Begin PBXFrameworksBuildPhase section */
		4F1DAD07291808D400F9AB34 /* Frameworks */ = {
			isa = PBXFrameworksBuildPhase;
			buildActionMask = 2147483647;
			files = (
			);
			runOnlyForDeploymentPostprocessing = 0;
		};
		4F1DAD17291808D600F9AB34 /* Frameworks */ = {
			isa = PBXFrameworksBuildPhase;
			buildActionMask = 2147483647;
			files = (
			);
			runOnlyForDeploymentPostprocessing = 0;
		};
		4F1DAD21291808D600F9AB34 /* Frameworks */ = {
			isa = PBXFrameworksBuildPhase;
			buildActionMask = 2147483647;
			files = (
			);
			runOnlyForDeploymentPostprocessing = 0;
		};
/* End PBXFrameworksBuildPhase section */

/* Begin PBXGroup section */
		4F1DAD01291808D400F9AB34 = {
			isa = PBXGroup;
			children = (
				4F1DAD0C291808D400F9AB34 /* Scrumdinger */,
				4F1DAD1D291808D600F9AB34 /* ScrumdingerTests */,
				4F1DAD27291808D600F9AB34 /* ScrumdingerUITests */,
				4F1DAD0B291808D400F9AB34 /* Products */,
			);
			sourceTree = "<group>";
		};
		4F1DAD0B291808D400F9AB34 /* Products */ = {
			isa = PBXGroup;
			children = (
				4F1DAD0A291808D400F9AB34 /* Scrumdinger.app */,
				4F1DAD1A291808D600F9AB34 /* ScrumdingerTests.xctest */,
				4F1DAD24291808D600F9AB34 /* ScrumdingerUITests.xctest */,
			);
			name = Products;
			sourceTree = "<group>";
		};
		4F1DAD0C291808D400F9AB34 /* Scrumdinger */ = {
			isa = PBXGroup;
			children = (
				4F4D1CC92918D60F005FE2FE /* ui */,
				4F3DF3732918CD290076AA04 /* Models */,
				4F1DAD0D291808D400F9AB34 /* ScrumdingerApp.swift */,
				4F1DAD11291808D600F9AB34 /* Assets.xcassets */,
				4F1DAD13291808D600F9AB34 /* Preview Content */,
			);
			path = Scrumdinger;
			sourceTree = "<group>";
		};
		4F1DAD13291808D600F9AB34 /* Preview Content */ = {
			isa = PBXGroup;
			children = (
				4F1DAD14291808D600F9AB34 /* Preview Assets.xcassets */,
			);
			path = "Preview Content";
			sourceTree = "<group>";
		};
		4F1DAD1D291808D600F9AB34 /* ScrumdingerTests */ = {
			isa = PBXGroup;
			children = (
				4F1DAD1E291808D600F9AB34 /* ScrumdingerTests.swift */,
			);
			path = ScrumdingerTests;
			sourceTree = "<group>";
		};
		4F1DAD27291808D600F9AB34 /* ScrumdingerUITests */ = {
			isa = PBXGroup;
			children = (
				4F1DAD28291808D600F9AB34 /* ScrumdingerUITests.swift */,
				4F1DAD2A291808D600F9AB34 /* ScrumdingerUITestsLaunchTests.swift */,
			);
			path = ScrumdingerUITests;
			sourceTree = "<group>";
		};
		4F3DF3732918CD290076AA04 /* Models */ = {
			isa = PBXGroup;
			children = (
				4F4D1CCA2918DE93005FE2FE /* TrailingIconLabelStyle.swift */,
				4F3DF3742918CD5F0076AA04 /* Theme.swift */,
				4F4D1CC52918D578005FE2FE /* DailyScrum.swift */,
			);
			path = Models;
			sourceTree = "<group>";
		};
		4F4D1CC92918D60F005FE2FE /* ui */ = {
			isa = PBXGroup;
			children = (
				4F1DAD0F291808D400F9AB34 /* MeetingView.swift */,
				4F4D1CC72918D5FE005FE2FE /* CardView.swift */,
				4F4D1CCC29191648005FE2FE /* ScrumsView.swift */,
				4FE12B69291A112A001FFCDA /* DetailView.swift */,
				4FE12B6B291A4A42001FFCDA /* DetailEditView.swift */,
			);
			path = ui;
			sourceTree = "<group>";
		};
/* End PBXGroup section */

/* Begin PBXNativeTarget section */
		4F1DAD09291808D400F9AB34 /* Scrumdinger */ = {
			isa = PBXNativeTarget;
			buildConfigurationList = 4F1DAD2E291808D600F9AB34 /* Build configuration list for PBXNativeTarget "Scrumdinger" */;
			buildPhases = (
				4F1DAD06291808D400F9AB34 /* Sources */,
				4F1DAD07291808D400F9AB34 /* Frameworks */,
				4F1DAD08291808D400F9AB34 /* Resources */,
			);
			buildRules = (
			);
			dependencies = (
			);
			name = Scrumdinger;
			productName = Scrumdinger;
			productReference = 4F1DAD0A291808D400F9AB34 /* Scrumdinger.app */;
			productType = "com.apple.product-type.application";
		};
		4F1DAD19291808D600F9AB34 /* ScrumdingerTests */ = {
			isa = PBXNativeTarget;
			buildConfigurationList = 4F1DAD31291808D600F9AB34 /* Build configuration list for PBXNativeTarget "ScrumdingerTests" */;
			buildPhases = (
				4F1DAD16291808D600F9AB34 /* Sources */,
				4F1DAD17291808D600F9AB34 /* Frameworks */,
				4F1DAD18291808D600F9AB34 /* Resources */,
			);
			buildRules = (
			);
			dependencies = (
				4F1DAD1C291808D600F9AB34 /* PBXTargetDependency */,
			);
			name = ScrumdingerTests;
			productName = ScrumdingerTests;
			productReference = 4F1DAD1A291808D600F9AB34 /* ScrumdingerTests.xctest */;
			productType = "com.apple.product-type.bundle.unit-test";
		};
		4F1DAD23291808D600F9AB34 /* ScrumdingerUITests */ = {
			isa = PBXNativeTarget;
			buildConfigurationList = 4F1DAD34291808D600F9AB34 /* Build configuration list for PBXNativeTarget "ScrumdingerUITests" */;
			buildPhases = (
				4F1DAD20291808D600F9AB34 /* Sources */,
				4F1DAD21291808D600F9AB34 /* Frameworks */,
				4F1DAD22291808D600F9AB34 /* Resources */,
			);
			buildRules = (
			);
			dependencies = (
				4F1DAD26291808D600F9AB34 /* PBXTargetDependency */,
			);
			name = ScrumdingerUITests;
			productName = ScrumdingerUITests;
			productReference = 4F1DAD24291808D600F9AB34 /* ScrumdingerUITests.xctest */;
			productType = "com.apple.product-type.bundle.ui-testing";
		};
/* End PBXNativeTarget section */

/* Begin PBXProject section */
		4F1DAD02291808D400F9AB34 /* Project object */ = {
			isa = PBXProject;
			attributes = {
				BuildIndependentTargetsInParallel = 1;
				LastSwiftUpdateCheck = 1400;
				LastUpgradeCheck = 1400;
				TargetAttributes = {
					4F1DAD09291808D400F9AB34 = {
						CreatedOnToolsVersion = 14.0.1;
					};
					4F1DAD19291808D600F9AB34 = {
						CreatedOnToolsVersion = 14.0.1;
						TestTargetID = 4F1DAD09291808D400F9AB34;
					};
					4F1DAD23291808D600F9AB34 = {
						CreatedOnToolsVersion = 14.0.1;
						TestTargetID = 4F1DAD09291808D400F9AB34;
					};
				};
			};
			buildConfigurationList = 4F1DAD05291808D400F9AB34 /* Build configuration list for PBXProject "Scrumdinger" */;
			compatibilityVersion = "Xcode 14.0";
			developmentRegion = en;
			hasScannedForEncodings = 0;
			knownRegions = (
				en,
				Base,
			);
			mainGroup = 4F1DAD01291808D400F9AB34;
			productRefGroup = 4F1DAD0B291808D400F9AB34 /* Products */;
			projectDirPath = "";
			projectRoot = "";
			targets = (
				4F1DAD09291808D400F9AB34 /* Scrumdinger */,
				4F1DAD19291808D600F9AB34 /* ScrumdingerTests */,
				4F1DAD23291808D600F9AB34 /* ScrumdingerUITests */,
			);
		};
/* End PBXProject section */

/* Begin PBXResourcesBuildPhase section */
		4F1DAD08291808D400F9AB34 /* Resources */ = {
			isa = PBXResourcesBuildPhase;
			buildActionMask = 2147483647;
			files = (
				4F1DAD15291808D600F9AB34 /* Preview Assets.xcassets in Resources */,
				4F1DAD12291808D600F9AB34 /* Assets.xcassets in Resources */,
			);
			runOnlyForDeploymentPostprocessing = 0;
		};
		4F1DAD18291808D600F9AB34 /* Resources */ = {
			isa = PBXResourcesBuildPhase;
			buildActionMask = 2147483647;
			files = (
			);
			runOnlyForDeploymentPostprocessing = 0;
		};
		4F1DAD22291808D600F9AB34 /* Resources */ = {
			isa = PBXResourcesBuildPhase;
			buildActionMask = 2147483647;
			files = (
			);
			runOnlyForDeploymentPostprocessing = 0;
		};
/* End PBXResourcesBuildPhase section */

/* Begin PBXSourcesBuildPhase section */
		4F1DAD06291808D400F9AB34 /* Sources */ = {
			isa = PBXSourcesBuildPhase;
			buildActionMask = 2147483647;
			files = (
				4F4D1CC62918D578005FE2FE /* DailyScrum.swift in Sources */,
				4FE12B6A291A112A001FFCDA /* DetailView.swift in Sources */,
				4FE12B6C291A4A42001FFCDA /* DetailEditView.swift in Sources */,
				4F4D1CCB2918DE93005FE2FE /* TrailingIconLabelStyle.swift in Sources */,
				4F3DF3752918CD5F0076AA04 /* Theme.swift in Sources */,
				4F4D1CCD29191648005FE2FE /* ScrumsView.swift in Sources */,
				4F1DAD10291808D400F9AB34 /* MeetingView.swift in Sources */,
				4F1DAD0E291808D400F9AB34 /* ScrumdingerApp.swift in Sources */,
				4F4D1CC82918D5FE005FE2FE /* CardView.swift in Sources */,
			);
			runOnlyForDeploymentPostprocessing = 0;
		};
		4F1DAD16291808D600F9AB34 /* Sources */ = {
			isa = PBXSourcesBuildPhase;
			buildActionMask = 2147483647;
			files = (
				4F1DAD1F291808D600F9AB34 /* ScrumdingerTests.swift in Sources */,
			);
			runOnlyForDeploymentPostprocessing = 0;
		};
		4F1DAD20291808D600F9AB34 /* Sources */ = {
			isa = PBXSourcesBuildPhase;
			buildActionMask = 2147483647;
			files = (
				4F1DAD2B291808D600F9AB34 /* ScrumdingerUITestsLaunchTests.swift in Sources */,
				4F1DAD29291808D600F9AB34 /* ScrumdingerUITests.swift in Sources */,
			);
			runOnlyForDeploymentPostprocessing = 0;
		};
/* End PBXSourcesBuildPhase section */

/* Begin PBXTargetDependency section */
		4F1DAD1C291808D600F9AB34 /* PBXTargetDependency */ = {
			isa = PBXTargetDependency;
			target = 4F1DAD09291808D400F9AB34 /* Scrumdinger */;
			targetProxy = 4F1DAD1B291808D600F9AB34 /* PBXContainerItemProxy */;
		};
		4F1DAD26291808D600F9AB34 /* PBXTargetDependency */ = {
			isa = PBXTargetDependency;
			target = 4F1DAD09291808D400F9AB34 /* Scrumdinger */;
			targetProxy = 4F1DAD25291808D600F9AB34 /* PBXContainerItemProxy */;
		};
/* End PBXTargetDependency section */

/* Begin XCBuildConfiguration section */
		4F1DAD2C291808D600F9AB34 /* Debug */ = {
			isa = XCBuildConfiguration;
			buildSettings = {
				ALWAYS_SEARCH_USER_PATHS = NO;
				CLANG_ANALYZER_NONNULL = YES;
				CLANG_ANALYZER_NUMBER_OBJECT_CONVERSION = YES_AGGRESSIVE;
				CLANG_CXX_LANGUAGE_STANDARD = "gnu++20";
				CLANG_ENABLE_MODULES = YES;
				CLANG_ENABLE_OBJC_ARC = YES;
				CLANG_ENABLE_OBJC_WEAK = YES;
				CLANG_WARN_BLOCK_CAPTURE_AUTORELEASING = YES;
				CLANG_WARN_BOOL_CONVERSION = YES;
				CLANG_WARN_COMMA = YES;
				CLANG_WARN_CONSTANT_CONVERSION = YES;
				CLANG_WARN_DEPRECATED_OBJC_IMPLEMENTATIONS = YES;
				CLANG_WARN_DIRECT_OBJC_ISA_USAGE = YES_ERROR;
				CLANG_WARN_DOCUMENTATION_COMMENTS = YES;
				CLANG_WARN_EMPTY_BODY = YES;
				CLANG_WARN_ENUM_CONVERSION = YES;
				CLANG_WARN_INFINITE_RECURSION = YES;
				CLANG_WARN_INT_CONVERSION = YES;
				CLANG_WARN_NON_LITERAL_NULL_CONVERSION = YES;
				CLANG_WARN_OBJC_IMPLICIT_RETAIN_SELF = YES;
				CLANG_WARN_OBJC_LITERAL_CONVERSION = YES;
				CLANG_WARN_OBJC_ROOT_CLASS = YES_ERROR;
				CLANG_WARN_QUOTED_INCLUDE_IN_FRAMEWORK_HEADER = YES;
				CLANG_WARN_RANGE_LOOP_ANALYSIS = YES;
				CLANG_WARN_STRICT_PROTOTYPES = YES;
				CLANG_WARN_SUSPICIOUS_MOVE = YES;
				CLANG_WARN_UNGUARDED_AVAILABILITY = YES_AGGRESSIVE;
				CLANG_WARN_UNREACHABLE_CODE = YES;
				CLANG_WARN__DUPLICATE_METHOD_MATCH = YES;
				COPY_PHASE_STRIP = NO;
				DEBUG_INFORMATION_FORMAT = dwarf;
				ENABLE_STRICT_OBJC_MSGSEND = YES;
				ENABLE_TESTABILITY = YES;
				GCC_C_LANGUAGE_STANDARD = gnu11;
				GCC_DYNAMIC_NO_PIC = NO;
				GCC_NO_COMMON_BLOCKS = YES;
				GCC_OPTIMIZATION_LEVEL = 0;
				GCC_PREPROCESSOR_DEFINITIONS = (
					"DEBUG=1",
					"$(inherited)",
				);
				GCC_WARN_64_TO_32_BIT_CONVERSION = YES;
				GCC_WARN_ABOUT_RETURN_TYPE = YES_ERROR;
				GCC_WARN_UNDECLARED_SELECTOR = YES;
				GCC_WARN_UNINITIALIZED_AUTOS = YES_AGGRESSIVE;
				GCC_WARN_UNUSED_FUNCTION = YES;
				GCC_WARN_UNUSED_VARIABLE = YES;
				IPHONEOS_DEPLOYMENT_TARGET = 16.0;
				MTL_ENABLE_DEBUG_INFO = INCLUDE_SOURCE;
				MTL_FAST_MATH = YES;
				ONLY_ACTIVE_ARCH = YES;
				SDKROOT = iphoneos;
				SWIFT_ACTIVE_COMPILATION_CONDITIONS = DEBUG;
				SWIFT_OPTIMIZATION_LEVEL = "-Onone";
			};
			name = Debug;
		};
		4F1DAD2D291808D600F9AB34 /* Release */ = {
			isa = XCBuildConfiguration;
			buildSettings = {
				ALWAYS_SEARCH_USER_PATHS = NO;
				CLANG_ANALYZER_NONNULL = YES;
				CLANG_ANALYZER_NUMBER_OBJECT_CONVERSION = YES_AGGRESSIVE;
				CLANG_CXX_LANGUAGE_STANDARD = "gnu++20";
				CLANG_ENABLE_MODULES = YES;
				CLANG_ENABLE_OBJC_ARC = YES;
				CLANG_ENABLE_OBJC_WEAK = YES;
				CLANG_WARN_BLOCK_CAPTURE_AUTORELEASING = YES;
				CLANG_WARN_BOOL_CONVERSION = YES;
				CLANG_WARN_COMMA = YES;
				CLANG_WARN_CONSTANT_CONVERSION = YES;
				CLANG_WARN_DEPRECATED_OBJC_IMPLEMENTATIONS = YES;
				CLANG_WARN_DIRECT_OBJC_ISA_USAGE = YES_ERROR;
				CLANG_WARN_DOCUMENTATION_COMMENTS = YES;
				CLANG_WARN_EMPTY_BODY = YES;
				CLANG_WARN_ENUM_CONVERSION = YES;
				CLANG_WARN_INFINITE_RECURSION = YES;
				CLANG_WARN_INT_CONVERSION = YES;
				CLANG_WARN_NON_LITERAL_NULL_CONVERSION = YES;
				CLANG_WARN_OBJC_IMPLICIT_RETAIN_SELF = YES;
				CLANG_WARN_OBJC_LITERAL_CONVERSION = YES;
				CLANG_WARN_OBJC_ROOT_CLASS = YES_ERROR;
				CLANG_WARN_QUOTED_INCLUDE_IN_FRAMEWORK_HEADER = YES;
				CLANG_WARN_RANGE_LOOP_ANALYSIS = YES;
				CLANG_WARN_STRICT_PROTOTYPES = YES;
				CLANG_WARN_SUSPICIOUS_MOVE = YES;
				CLANG_WARN_UNGUARDED_AVAILABILITY = YES_AGGRESSIVE;
				CLANG_WARN_UNREACHABLE_CODE = YES;
				CLANG_WARN__DUPLICATE_METHOD_MATCH = YES;
				COPY_PHASE_STRIP = NO;
				DEBUG_INFORMATION_FORMAT = "dwarf-with-dsym";
				ENABLE_NS_ASSERTIONS = NO;
				ENABLE_STRICT_OBJC_MSGSEND = YES;
				GCC_C_LANGUAGE_STANDARD = gnu11;
				GCC_NO_COMMON_BLOCKS = YES;
				GCC_WARN_64_TO_32_BIT_CONVERSION = YES;
				GCC_WARN_ABOUT_RETURN_TYPE = YES_ERROR;
				GCC_WARN_UNDECLARED_SELECTOR = YES;
				GCC_WARN_UNINITIALIZED_AUTOS = YES_AGGRESSIVE;
				GCC_WARN_UNUSED_FUNCTION = YES;
				GCC_WARN_UNUSED_VARIABLE = YES;
				IPHONEOS_DEPLOYMENT_TARGET = 16.0;
				MTL_ENABLE_DEBUG_INFO = NO;
				MTL_FAST_MATH = YES;
				SDKROOT = iphoneos;
				SWIFT_COMPILATION_MODE = wholemodule;
				SWIFT_OPTIMIZATION_LEVEL = "-O";
				VALIDATE_PRODUCT = YES;
			};
			name = Release;
		};
		4F1DAD2F291808D600F9AB34 /* Debug */ = {
			isa = XCBuildConfiguration;
			buildSettings = {
				ASSETCATALOG_COMPILER_APPICON_NAME = AppIcon;
				ASSETCATALOG_COMPILER_GLOBAL_ACCENT_COLOR_NAME = AccentColor;
				CODE_SIGN_STYLE = Automatic;
				CURRENT_PROJECT_VERSION = 1;
				DEVELOPMENT_ASSET_PATHS = "\"Scrumdinger/Preview Content\"";
				ENABLE_PREVIEWS = YES;
				GENERATE_INFOPLIST_FILE = YES;
				INFOPLIST_KEY_UIApplicationSceneManifest_Generation = YES;
				INFOPLIST_KEY_UIApplicationSupportsIndirectInputEvents = YES;
				INFOPLIST_KEY_UILaunchScreen_Generation = YES;
				INFOPLIST_KEY_UISupportedInterfaceOrientations_iPad = "UIInterfaceOrientationPortrait UIInterfaceOrientationPortraitUpsideDown UIInterfaceOrientationLandscapeLeft UIInterfaceOrientationLandscapeRight";
				INFOPLIST_KEY_UISupportedInterfaceOrientations_iPhone = "UIInterfaceOrientationPortrait UIInterfaceOrientationLandscapeLeft UIInterfaceOrientationLandscapeRight";
				LD_RUNPATH_SEARCH_PATHS = (
					"$(inherited)",
					"@executable_path/Frameworks",
				);
				MARKETING_VERSION = 1.0;
				PRODUCT_BUNDLE_IDENTIFIER = arysugiarto.Scrumdinger;
				PRODUCT_NAME = "$(TARGET_NAME)";
				SWIFT_EMIT_LOC_STRINGS = YES;
				SWIFT_VERSION = 5.0;
				TARGETED_DEVICE_FAMILY = "1,2";
			};
			name = Debug;
		};
		4F1DAD30291808D600F9AB34 /* Release */ = {
			isa = XCBuildConfiguration;
			buildSettings = {
				ASSETCATALOG_COMPILER_APPICON_NAME = AppIcon;
				ASSETCATALOG_COMPILER_GLOBAL_ACCENT_COLOR_NAME = AccentColor;
				CODE_SIGN_STYLE = Automatic;
				CURRENT_PROJECT_VERSION = 1;
				DEVELOPMENT_ASSET_PATHS = "\"Scrumdinger/Preview Content\"";
				ENABLE_PREVIEWS = YES;
				GENERATE_INFOPLIST_FILE = YES;
				INFOPLIST_KEY_UIApplicationSceneManifest_Generation = YES;
				INFOPLIST_KEY_UIApplicationSupportsIndirectInputEvents = YES;
				INFOPLIST_KEY_UILaunchScreen_Generation = YES;
				INFOPLIST_KEY_UISupportedInterfaceOrientations_iPad = "UIInterfaceOrientationPortrait UIInterfaceOrientationPortraitUpsideDown UIInterfaceOrientationLandscapeLeft UIInterfaceOrientationLandscapeRight";
				INFOPLIST_KEY_UISupportedInterfaceOrientations_iPhone = "UIInterfaceOrientationPortrait UIInterfaceOrientationLandscapeLeft UIInterfaceOrientationLandscapeRight";
				LD_RUNPATH_SEARCH_PATHS = (
					"$(inherited)",
					"@executable_path/Frameworks",
				);
				MARKETING_VERSION = 1.0;
				PRODUCT_BUNDLE_IDENTIFIER = arysugiarto.Scrumdinger;
				PRODUCT_NAME = "$(TARGET_NAME)";
				SWIFT_EMIT_LOC_STRINGS = YES;
				SWIFT_VERSION = 5.0;
				TARGETED_DEVICE_FAMILY = "1,2";
			};
			name = Release;
		};
		4F1DAD32291808D600F9AB34 /* Debug */ = {
			isa = XCBuildConfiguration;
			buildSettings = {
				ALWAYS_EMBED_SWIFT_STANDARD_LIBRARIES = YES;
				BUNDLE_LOADER = "$(TEST_HOST)";
				CODE_SIGN_STYLE = Automatic;
				CURRENT_PROJECT_VERSION = 1;
				GENERATE_INFOPLIST_FILE = YES;
				IPHONEOS_DEPLOYMENT_TARGET = 16.0;
				MARKETING_VERSION = 1.0;
				PRODUCT_BUNDLE_IDENTIFIER = arysugiarto.ScrumdingerTests;
				PRODUCT_NAME = "$(TARGET_NAME)";
				SWIFT_EMIT_LOC_STRINGS = NO;
				SWIFT_VERSION = 5.0;
				TARGETED_DEVICE_FAMILY = "1,2";
				TEST_HOST = "$(BUILT_PRODUCTS_DIR)/Scrumdinger.app/$(BUNDLE_EXECUTABLE_FOLDER_PATH)/Scrumdinger";
			};
			name = Debug;
		};
		4F1DAD33291808D600F9AB34 /* Release */ = {
			isa = XCBuildConfiguration;
			buildSettings = {
				ALWAYS_EMBED_SWIFT_STANDARD_LIBRARIES = YES;
				BUNDLE_LOADER = "$(TEST_HOST)";
				CODE_SIGN_STYLE = Automatic;
				CURRENT_PROJECT_VERSION = 1;
				GENERATE_INFOPLIST_FILE = YES;
				IPHONEOS_DEPLOYMENT_TARGET = 16.0;
				MARKETING_VERSION = 1.0;
				PRODUCT_BUNDLE_IDENTIFIER = arysugiarto.ScrumdingerTests;
				PRODUCT_NAME = "$(TARGET_NAME)";
				SWIFT_EMIT_LOC_STRINGS = NO;
				SWIFT_VERSION = 5.0;
				TARGETED_DEVICE_FAMILY = "1,2";
				TEST_HOST = "$(BUILT_PRODUCTS_DIR)/Scrumdinger.app/$(BUNDLE_EXECUTABLE_FOLDER_PATH)/Scrumdinger";
			};
			name = Release;
		};
		4F1DAD35291808D600F9AB34 /* Debug */ = {
			isa = XCBuildConfiguration;
			buildSettings = {
				ALWAYS_EMBED_SWIFT_STANDARD_LIBRARIES = YES;
				CODE_SIGN_STYLE = Automatic;
				CURRENT_PROJECT_VERSION = 1;
				GENERATE_INFOPLIST_FILE = YES;
				MARKETING_VERSION = 1.0;
				PRODUCT_BUNDLE_IDENTIFIER = arysugiarto.ScrumdingerUITests;
				PRODUCT_NAME = "$(TARGET_NAME)";
				SWIFT_EMIT_LOC_STRINGS = NO;
				SWIFT_VERSION = 5.0;
				TARGETED_DEVICE_FAMILY = "1,2";
				TEST_TARGET_NAME = Scrumdinger;
			};
			name = Debug;
		};
		4F1DAD36291808D600F9AB34 /* Release */ = {
			isa = XCBuildConfiguration;
			buildSettings = {
				ALWAYS_EMBED_SWIFT_STANDARD_LIBRARIES = YES;
				CODE_SIGN_STYLE = Automatic;
				CURRENT_PROJECT_VERSION = 1;
				GENERATE_INFOPLIST_FILE = YES;
				MARKETING_VERSION = 1.0;
				PRODUCT_BUNDLE_IDENTIFIER = arysugiarto.ScrumdingerUITests;
				PRODUCT_NAME = "$(TARGET_NAME)";
				SWIFT_EMIT_LOC_STRINGS = NO;
				SWIFT_VERSION = 5.0;
				TARGETED_DEVICE_FAMILY = "1,2";
				TEST_TARGET_NAME = Scrumdinger;
			};
			name = Release;
		};
/* End XCBuildConfiguration section */

/* Begin XCConfigurationList section */
		4F1DAD05291808D400F9AB34 /* Build configuration list for PBXProject "Scrumdinger" */ = {
			isa = XCConfigurationList;
			buildConfigurations = (
				4F1DAD2C291808D600F9AB34 /* Debug */,
				4F1DAD2D291808D600F9AB34 /* Release */,
			);
			defaultConfigurationIsVisible = 0;
			defaultConfigurationName = Release;
		};
		4F1DAD2E291808D600F9AB34 /* Build configuration list for PBXNativeTarget "Scrumdinger" */ = {
			isa = XCConfigurationList;
			buildConfigurations = (
				4F1DAD2F291808D600F9AB34 /* Debug */,
				4F1DAD30291808D600F9AB34 /* Release */,
			);
			defaultConfigurationIsVisible = 0;
			defaultConfigurationName = Release;
		};
		4F1DAD31291808D600F9AB34 /* Build configuration list for PBXNativeTarget "ScrumdingerTests" */ = {
			isa = XCConfigurationList;
			buildConfigurations = (
				4F1DAD32291808D600F9AB34 /* Debug */,
				4F1DAD33291808D600F9AB34 /* Release */,
			);
			defaultConfigurationIsVisible = 0;
			defaultConfigurationName = Release;
		};
		4F1DAD34291808D600F9AB34 /* Build configuration list for PBXNativeTarget "ScrumdingerUITests" */ = {
			isa = XCConfigurationList;
			buildConfigurations = (
				4F1DAD35291808D600F9AB34 /* Debug */,
				4F1DAD36291808D600F9AB34 /* Release */,
			);
			defaultConfigurationIsVisible = 0;
			defaultConfigurationName = Release;
		};
/* End XCConfigurationList section */
	};
	rootObject = 4F1DAD02291808D400F9AB34 /* Project object */;
}
